// !$*UTF8*$!
{
	archiveVersion = 1;
	classes = {
	};
	objectVersion = 55;
	objects = {

/* Begin PBXBuildFile section */
		023F1ECA2A4A1D680088E5CD /* SIGNLOGINMODULEApp.swift in Sources */ = {isa = PBXBuildFile; fileRef = 023F1EC92A4A1D680088E5CD /* SIGNLOGINMODULEApp.swift */; };
		023F1ECC2A4A1D680088E5CD /* ContentView.swift in Sources */ = {isa = PBXBuildFile; fileRef = 023F1ECB2A4A1D680088E5CD /* ContentView.swift */; };
		023F1ECE2A4A1D6C0088E5CD /* Assets.xcassets in Resources */ = {isa = PBXBuildFile; fileRef = 023F1ECD2A4A1D6C0088E5CD /* Assets.xcassets */; };
		023F1ED12A4A1D6C0088E5CD /* Preview Assets.xcassets in Resources */ = {isa = PBXBuildFile; fileRef = 023F1ED02A4A1D6C0088E5CD /* Preview Assets.xcassets */; };
		023F1EDB2A4A1D6D0088E5CD /* SIGNLOGINMODULETests.swift in Sources */ = {isa = PBXBuildFile; fileRef = 023F1EDA2A4A1D6D0088E5CD /* SIGNLOGINMODULETests.swift */; };
		023F1EE52A4A1D6D0088E5CD /* SIGNLOGINMODULEUITests.swift in Sources */ = {isa = PBXBuildFile; fileRef = 023F1EE42A4A1D6D0088E5CD /* SIGNLOGINMODULEUITests.swift */; };
		023F1EE72A4A1D6D0088E5CD /* SIGNLOGINMODULEUITestsLaunchTests.swift in Sources */ = {isa = PBXBuildFile; fileRef = 023F1EE62A4A1D6D0088E5CD /* SIGNLOGINMODULEUITestsLaunchTests.swift */; };
/* End PBXBuildFile section */

/* Begin PBXContainerItemProxy section */
		023F1ED72A4A1D6D0088E5CD /* PBXContainerItemProxy */ = {
			isa = PBXContainerItemProxy;
			containerPortal = 023F1EBE2A4A1D680088E5CD /* Project object */;
			proxyType = 1;
			remoteGlobalIDString = 023F1EC52A4A1D680088E5CD;
			remoteInfo = SIGNLOGINMODULE;
		};
		023F1EE12A4A1D6D0088E5CD /* PBXContainerItemProxy */ = {
			isa = PBXContainerItemProxy;
			containerPortal = 023F1EBE2A4A1D680088E5CD /* Project object */;
			proxyType = 1;
			remoteGlobalIDString = 023F1EC52A4A1D680088E5CD;
			remoteInfo = SIGNLOGINMODULE;
		};
/* End PBXContainerItemProxy section */

/* Begin PBXFileReference section */
		023F1EC62A4A1D680088E5CD /* SIGNLOGINMODULE.app */ = {isa = PBXFileReference; explicitFileType = wrapper.application; includeInIndex = 0; path = SIGNLOGINMODULE.app; sourceTree = BUILT_PRODUCTS_DIR; };
		023F1EC92A4A1D680088E5CD /* SIGNLOGINMODULEApp.swift */ = {isa = PBXFileReference; lastKnownFileType = sourcecode.swift; path = SIGNLOGINMODULEApp.swift; sourceTree = "<group>"; };
		023F1ECB2A4A1D680088E5CD /* ContentView.swift */ = {isa = PBXFileReference; lastKnownFileType = sourcecode.swift; path = ContentView.swift; sourceTree = "<group>"; };
		023F1ECD2A4A1D6C0088E5CD /* Assets.xcassets */ = {isa = PBXFileReference; lastKnownFileType = folder.assetcatalog; path = Assets.xcassets; sourceTree = "<group>"; };
		023F1ED02A4A1D6C0088E5CD /* Preview Assets.xcassets */ = {isa = PBXFileReference; lastKnownFileType = folder.assetcatalog; path = "Preview Assets.xcassets"; sourceTree = "<group>"; };
		023F1ED62A4A1D6D0088E5CD /* SIGNLOGINMODULETests.xctest */ = {isa = PBXFileReference; explicitFileType = wrapper.cfbundle; includeInIndex = 0; path = SIGNLOGINMODULETests.xctest; sourceTree = BUILT_PRODUCTS_DIR; };
		023F1EDA2A4A1D6D0088E5CD /* SIGNLOGINMODULETests.swift */ = {isa = PBXFileReference; lastKnownFileType = sourcecode.swift; path = SIGNLOGINMODULETests.swift; sourceTree = "<group>"; };
		023F1EE02A4A1D6D0088E5CD /* SIGNLOGINMODULEUITests.xctest */ = {isa = PBXFileReference; explicitFileType = wrapper.cfbundle; includeInIndex = 0; path = SIGNLOGINMODULEUITests.xctest; sourceTree = BUILT_PRODUCTS_DIR; };
		023F1EE42A4A1D6D0088E5CD /* SIGNLOGINMODULEUITests.swift */ = {isa = PBXFileReference; lastKnownFileType = sourcecode.swift; path = SIGNLOGINMODULEUITests.swift; sourceTree = "<group>"; };
		023F1EE62A4A1D6D0088E5CD /* SIGNLOGINMODULEUITestsLaunchTests.swift */ = {isa = PBXFileReference; lastKnownFileType = sourcecode.swift; path = SIGNLOGINMODULEUITestsLaunchTests.swift; sourceTree = "<group>"; };
/* End PBXFileReference section */

/* Begin PBXFrameworksBuildPhase section */
		023F1EC32A4A1D680088E5CD /* Frameworks */ = {
			isa = PBXFrameworksBuildPhase;
			buildActionMask = 2147483647;
			files = (
			);
			runOnlyForDeploymentPostprocessing = 0;
		};
		023F1ED32A4A1D6D0088E5CD /* Frameworks */ = {
			isa = PBXFrameworksBuildPhase;
			buildActionMask = 2147483647;
			files = (
			);
			runOnlyForDeploymentPostprocessing = 0;
		};
		023F1EDD2A4A1D6D0088E5CD /* Frameworks */ = {
			isa = PBXFrameworksBuildPhase;
			buildActionMask = 2147483647;
			files = (
			);
			runOnlyForDeploymentPostprocessing = 0;
		};
/* End PBXFrameworksBuildPhase section */

/* Begin PBXGroup section */
		023F1EBD2A4A1D680088E5CD = {
			isa = PBXGroup;
			children = (
				023F1EC82A4A1D680088E5CD /* SIGNLOGINMODULE */,
				023F1ED92A4A1D6D0088E5CD /* SIGNLOGINMODULETests */,
				023F1EE32A4A1D6D0088E5CD /* SIGNLOGINMODULEUITests */,
				023F1EC72A4A1D680088E5CD /* Products */,
			);
			sourceTree = "<group>";
		};
		023F1EC72A4A1D680088E5CD /* Products */ = {
			isa = PBXGroup;
			children = (
				023F1EC62A4A1D680088E5CD /* SIGNLOGINMODULE.app */,
				023F1ED62A4A1D6D0088E5CD /* SIGNLOGINMODULETests.xctest */,
				023F1EE02A4A1D6D0088E5CD /* SIGNLOGINMODULEUITests.xctest */,
			);
			name = Products;
			sourceTree = "<group>";
		};
		023F1EC82A4A1D680088E5CD /* SIGNLOGINMODULE */ = {
			isa = PBXGroup;
			children = (
				023F1EC92A4A1D680088E5CD /* SIGNLOGINMODULEApp.swift */,
				023F1ECB2A4A1D680088E5CD /* ContentView.swift */,
				023F1ECD2A4A1D6C0088E5CD /* Assets.xcassets */,
				023F1ECF2A4A1D6C0088E5CD /* Preview Content */,
			);
			path = SIGNLOGINMODULE;
			sourceTree = "<group>";
		};
		023F1ECF2A4A1D6C0088E5CD /* Preview Content */ = {
			isa = PBXGroup;
			children = (
				023F1ED02A4A1D6C0088E5CD /* Preview Assets.xcassets */,
			);
			path = "Preview Content";
			sourceTree = "<group>";
		};
		023F1ED92A4A1D6D0088E5CD /* SIGNLOGINMODULETests */ = {
			isa = PBXGroup;
			children = (
				023F1EDA2A4A1D6D0088E5CD /* SIGNLOGINMODULETests.swift */,
			);
			path = SIGNLOGINMODULETests;
			sourceTree = "<group>";
		};
		023F1EE32A4A1D6D0088E5CD /* SIGNLOGINMODULEUITests */ = {
			isa = PBXGroup;
			children = (
				023F1EE42A4A1D6D0088E5CD /* SIGNLOGINMODULEUITests.swift */,
				023F1EE62A4A1D6D0088E5CD /* SIGNLOGINMODULEUITestsLaunchTests.swift */,
			);
			path = SIGNLOGINMODULEUITests;
			sourceTree = "<group>";
		};
/* End PBXGroup section */

/* Begin PBXNativeTarget section */
		023F1EC52A4A1D680088E5CD /* SIGNLOGINMODULE */ = {
			isa = PBXNativeTarget;
			buildConfigurationList = 023F1EEA2A4A1D6D0088E5CD /* Build configuration list for PBXNativeTarget "SIGNLOGINMODULE" */;
			buildPhases = (
				023F1EC22A4A1D680088E5CD /* Sources */,
				023F1EC32A4A1D680088E5CD /* Frameworks */,
				023F1EC42A4A1D680088E5CD /* Resources */,
			);
			buildRules = (
			);
			dependencies = (
			);
			name = SIGNLOGINMODULE;
			productName = SIGNLOGINMODULE;
			productReference = 023F1EC62A4A1D680088E5CD /* SIGNLOGINMODULE.app */;
			productType = "com.apple.product-type.application";
		};
		023F1ED52A4A1D6D0088E5CD /* SIGNLOGINMODULETests */ = {
			isa = PBXNativeTarget;
			buildConfigurationList = 023F1EED2A4A1D6D0088E5CD /* Build configuration list for PBXNativeTarget "SIGNLOGINMODULETests" */;
			buildPhases = (
				023F1ED22A4A1D6D0088E5CD /* Sources */,
				023F1ED32A4A1D6D0088E5CD /* Frameworks */,
				023F1ED42A4A1D6D0088E5CD /* Resources */,
			);
			buildRules = (
			);
			dependencies = (
				023F1ED82A4A1D6D0088E5CD /* PBXTargetDependency */,
			);
			name = SIGNLOGINMODULETests;
			productName = SIGNLOGINMODULETests;
			productReference = 023F1ED62A4A1D6D0088E5CD /* SIGNLOGINMODULETests.xctest */;
			productType = "com.apple.product-type.bundle.unit-test";
		};
		023F1EDF2A4A1D6D0088E5CD /* SIGNLOGINMODULEUITests */ = {
			isa = PBXNativeTarget;
			buildConfigurationList = 023F1EF02A4A1D6D0088E5CD /* Build configuration list for PBXNativeTarget "SIGNLOGINMODULEUITests" */;
			buildPhases = (
				023F1EDC2A4A1D6D0088E5CD /* Sources */,
				023F1EDD2A4A1D6D0088E5CD /* Frameworks */,
				023F1EDE2A4A1D6D0088E5CD /* Resources */,
			);
			buildRules = (
			);
			dependencies = (
				023F1EE22A4A1D6D0088E5CD /* PBXTargetDependency */,
			);
			name = SIGNLOGINMODULEUITests;
			productName = SIGNLOGINMODULEUITests;
			productReference = 023F1EE02A4A1D6D0088E5CD /* SIGNLOGINMODULEUITests.xctest */;
			productType = "com.apple.product-type.bundle.ui-testing";
		};
/* End PBXNativeTarget section */

/* Begin PBXProject section */
		023F1EBE2A4A1D680088E5CD /* Project object */ = {
			isa = PBXProject;
			attributes = {
				BuildIndependentTargetsInParallel = 1;
				LastSwiftUpdateCheck = 1320;
				LastUpgradeCheck = 1320;
				TargetAttributes = {
					023F1EC52A4A1D680088E5CD = {
						CreatedOnToolsVersion = 13.2.1;
					};
					023F1ED52A4A1D6D0088E5CD = {
						CreatedOnToolsVersion = 13.2.1;
						TestTargetID = 023F1EC52A4A1D680088E5CD;
					};
					023F1EDF2A4A1D6D0088E5CD = {
						CreatedOnToolsVersion = 13.2.1;
						TestTargetID = 023F1EC52A4A1D680088E5CD;
					};
				};
			};
			buildConfigurationList = 023F1EC12A4A1D680088E5CD /* Build configuration list for PBXProject "SIGNLOGINMODULE" */;
			compatibilityVersion = "Xcode 13.0";
			developmentRegion = en;
			hasScannedForEncodings = 0;
			knownRegions = (
				en,
				Base,
			);
			mainGroup = 023F1EBD2A4A1D680088E5CD;
			productRefGroup = 023F1EC72A4A1D680088E5CD /* Products */;
			projectDirPath = "";
			projectRoot = "";
			targets = (
				023F1EC52A4A1D680088E5CD /* SIGNLOGINMODULE */,
				023F1ED52A4A1D6D0088E5CD /* SIGNLOGINMODULETests */,
				023F1EDF2A4A1D6D0088E5CD /* SIGNLOGINMODULEUITests */,
			);
		};
/* End PBXProject section */

/* Begin PBXResourcesBuildPhase section */
		023F1EC42A4A1D680088E5CD /* Resources */ = {
			isa = PBXResourcesBuildPhase;
			buildActionMask = 2147483647;
			files = (
				023F1ED12A4A1D6C0088E5CD /* Preview Assets.xcassets in Resources */,
				023F1ECE2A4A1D6C0088E5CD /* Assets.xcassets in Resources */,
			);
			runOnlyForDeploymentPostprocessing = 0;
		};
		023F1ED42A4A1D6D0088E5CD /* Resources */ = {
			isa = PBXResourcesBuildPhase;
			buildActionMask = 2147483647;
			files = (
			);
			runOnlyForDeploymentPostprocessing = 0;
		};
		023F1EDE2A4A1D6D0088E5CD /* Resources */ = {
			isa = PBXResourcesBuildPhase;
			buildActionMask = 2147483647;
			files = (
			);
			runOnlyForDeploymentPostprocessing = 0;
		};
/* End PBXResourcesBuildPhase section */

/* Begin PBXSourcesBuildPhase section */
		023F1EC22A4A1D680088E5CD /* Sources */ = {
			isa = PBXSourcesBuildPhase;
			buildActionMask = 2147483647;
			files = (
				023F1ECC2A4A1D680088E5CD /* ContentView.swift in Sources */,
				023F1ECA2A4A1D680088E5CD /* SIGNLOGINMODULEApp.swift in Sources */,
			);
			runOnlyForDeploymentPostprocessing = 0;
		};
		023F1ED22A4A1D6D0088E5CD /* Sources */ = {
			isa = PBXSourcesBuildPhase;
			buildActionMask = 2147483647;
			files = (
				023F1EDB2A4A1D6D0088E5CD /* SIGNLOGINMODULETests.swift in Sources */,
			);
			runOnlyForDeploymentPostprocessing = 0;
		};
		023F1EDC2A4A1D6D0088E5CD /* Sources */ = {
			isa = PBXSourcesBuildPhase;
			buildActionMask = 2147483647;
			files = (
				023F1EE52A4A1D6D0088E5CD /* SIGNLOGINMODULEUITests.swift in Sources */,
				023F1EE72A4A1D6D0088E5CD /* SIGNLOGINMODULEUITestsLaunchTests.swift in Sources */,
			);
			runOnlyForDeploymentPostprocessing = 0;
		};
/* End PBXSourcesBuildPhase section */

/* Begin PBXTargetDependency section */
		023F1ED82A4A1D6D0088E5CD /* PBXTargetDependency */ = {
			isa = PBXTargetDependency;
			target = 023F1EC52A4A1D680088E5CD /* SIGNLOGINMODULE */;
			targetProxy = 023F1ED72A4A1D6D0088E5CD /* PBXContainerItemProxy */;
		};
		023F1EE22A4A1D6D0088E5CD /* PBXTargetDependency */ = {
			isa = PBXTargetDependency;
			target = 023F1EC52A4A1D680088E5CD /* SIGNLOGINMODULE */;
			targetProxy = 023F1EE12A4A1D6D0088E5CD /* PBXContainerItemProxy */;
		};
/* End PBXTargetDependency section */

/* Begin XCBuildConfiguration section */
		023F1EE82A4A1D6D0088E5CD /* Debug */ = {
			isa = XCBuildConfiguration;
			buildSettings = {
				ALWAYS_SEARCH_USER_PATHS = NO;
				CLANG_ANALYZER_NONNULL = YES;
				CLANG_ANALYZER_NUMBER_OBJECT_CONVERSION = YES_AGGRESSIVE;
				CLANG_CXX_LANGUAGE_STANDARD = "gnu++17";
				CLANG_CXX_LIBRARY = "libc++";
				CLANG_ENABLE_MODULES = YES;
				CLANG_ENABLE_OBJC_ARC = YES;
				CLANG_ENABLE_OBJC_WEAK = YES;
				CLANG_WARN_BLOCK_CAPTURE_AUTORELEASING = YES;
				CLANG_WARN_BOOL_CONVERSION = YES;
				CLANG_WARN_COMMA = YES;
				CLANG_WARN_CONSTANT_CONVERSION = YES;
				CLANG_WARN_DEPRECATED_OBJC_IMPLEMENTATIONS = YES;
				CLANG_WARN_DIRECT_OBJC_ISA_USAGE = YES_ERROR;
				CLANG_WARN_DOCUMENTATION_COMMENTS = YES;
				CLANG_WARN_EMPTY_BODY = YES;
				CLANG_WARN_ENUM_CONVERSION = YES;
				CLANG_WARN_INFINITE_RECURSION = YES;
				CLANG_WARN_INT_CONVERSION = YES;
				CLANG_WARN_NON_LITERAL_NULL_CONVERSION = YES;
				CLANG_WARN_OBJC_IMPLICIT_RETAIN_SELF = YES;
				CLANG_WARN_OBJC_LITERAL_CONVERSION = YES;
				CLANG_WARN_OBJC_ROOT_CLASS = YES_ERROR;
				CLANG_WARN_QUOTED_INCLUDE_IN_FRAMEWORK_HEADER = YES;
				CLANG_WARN_RANGE_LOOP_ANALYSIS = YES;
				CLANG_WARN_STRICT_PROTOTYPES = YES;
				CLANG_WARN_SUSPICIOUS_MOVE = YES;
				CLANG_WARN_UNGUARDED_AVAILABILITY = YES_AGGRESSIVE;
				CLANG_WARN_UNREACHABLE_CODE = YES;
				CLANG_WARN__DUPLICATE_METHOD_MATCH = YES;
				COPY_PHASE_STRIP = NO;
				DEBUG_INFORMATION_FORMAT = dwarf;
				ENABLE_STRICT_OBJC_MSGSEND = YES;
				ENABLE_TESTABILITY = YES;
				GCC_C_LANGUAGE_STANDARD = gnu11;
				GCC_DYNAMIC_NO_PIC = NO;
				GCC_NO_COMMON_BLOCKS = YES;
				GCC_OPTIMIZATION_LEVEL = 0;
				GCC_PREPROCESSOR_DEFINITIONS = (
					"DEBUG=1",
					"$(inherited)",
				);
				GCC_WARN_64_TO_32_BIT_CONVERSION = YES;
				GCC_WARN_ABOUT_RETURN_TYPE = YES_ERROR;
				GCC_WARN_UNDECLARED_SELECTOR = YES;
				GCC_WARN_UNINITIALIZED_AUTOS = YES_AGGRESSIVE;
				GCC_WARN_UNUSED_FUNCTION = YES;
				GCC_WARN_UNUSED_VARIABLE = YES;
				IPHONEOS_DEPLOYMENT_TARGET = 15.2;
				MTL_ENABLE_DEBUG_INFO = INCLUDE_SOURCE;
				MTL_FAST_MATH = YES;
				ONLY_ACTIVE_ARCH = YES;
				SDKROOT = iphoneos;
				SWIFT_ACTIVE_COMPILATION_CONDITIONS = DEBUG;
				SWIFT_OPTIMIZATION_LEVEL = "-Onone";
			};
			name = Debug;
		};
		023F1EE92A4A1D6D0088E5CD /* Release */ = {
			isa = XCBuildConfiguration;
			buildSettings = {
				ALWAYS_SEARCH_USER_PATHS = NO;
				CLANG_ANALYZER_NONNULL = YES;
				CLANG_ANALYZER_NUMBER_OBJECT_CONVERSION = YES_AGGRESSIVE;
				CLANG_CXX_LANGUAGE_STANDARD = "gnu++17";
				CLANG_CXX_LIBRARY = "libc++";
				CLANG_ENABLE_MODULES = YES;
				CLANG_ENABLE_OBJC_ARC = YES;
				CLANG_ENABLE_OBJC_WEAK = YES;
				CLANG_WARN_BLOCK_CAPTURE_AUTORELEASING = YES;
				CLANG_WARN_BOOL_CONVERSION = YES;
				CLANG_WARN_COMMA = YES;
				CLANG_WARN_CONSTANT_CONVERSION = YES;
				CLANG_WARN_DEPRECATED_OBJC_IMPLEMENTATIONS = YES;
				CLANG_WARN_DIRECT_OBJC_ISA_USAGE = YES_ERROR;
				CLANG_WARN_DOCUMENTATION_COMMENTS = YES;
				CLANG_WARN_EMPTY_BODY = YES;
				CLANG_WARN_ENUM_CONVERSION = YES;
				CLANG_WARN_INFINITE_RECURSION = YES;
				CLANG_WARN_INT_CONVERSION = YES;
				CLANG_WARN_NON_LITERAL_NULL_CONVERSION = YES;
				CLANG_WARN_OBJC_IMPLICIT_RETAIN_SELF = YES;
				CLANG_WARN_OBJC_LITERAL_CONVERSION = YES;
				CLANG_WARN_OBJC_ROOT_CLASS = YES_ERROR;
				CLANG_WARN_QUOTED_INCLUDE_IN_FRAMEWORK_HEADER = YES;
				CLANG_WARN_RANGE_LOOP_ANALYSIS = YES;
				CLANG_WARN_STRICT_PROTOTYPES = YES;
				CLANG_WARN_SUSPICIOUS_MOVE = YES;
				CLANG_WARN_UNGUARDED_AVAILABILITY = YES_AGGRESSIVE;
				CLANG_WARN_UNREACHABLE_CODE = YES;
				CLANG_WARN__DUPLICATE_METHOD_MATCH = YES;
				COPY_PHASE_STRIP = NO;
				DEBUG_INFORMATION_FORMAT = "dwarf-with-dsym";
				ENABLE_NS_ASSERTIONS = NO;
				ENABLE_STRICT_OBJC_MSGSEND = YES;
				GCC_C_LANGUAGE_STANDARD = gnu11;
				GCC_NO_COMMON_BLOCKS = YES;
				GCC_WARN_64_TO_32_BIT_CONVERSION = YES;
				GCC_WARN_ABOUT_RETURN_TYPE = YES_ERROR;
				GCC_WARN_UNDECLARED_SELECTOR = YES;
				GCC_WARN_UNINITIALIZED_AUTOS = YES_AGGRESSIVE;
				GCC_WARN_UNUSED_FUNCTION = YES;
				GCC_WARN_UNUSED_VARIABLE = YES;
				IPHONEOS_DEPLOYMENT_TARGET = 15.2;
				MTL_ENABLE_DEBUG_INFO = NO;
				MTL_FAST_MATH = YES;
				SDKROOT = iphoneos;
				SWIFT_COMPILATION_MODE = wholemodule;
				SWIFT_OPTIMIZATION_LEVEL = "-O";
				VALIDATE_PRODUCT = YES;
			};
			name = Release;
		};
		023F1EEB2A4A1D6D0088E5CD /* Debug */ = {
			isa = XCBuildConfiguration;
			buildSettings = {
				ASSETCATALOG_COMPILER_APPICON_NAME = AppIcon;
				ASSETCATALOG_COMPILER_GLOBAL_ACCENT_COLOR_NAME = AccentColor;
				CODE_SIGN_STYLE = Automatic;
				CURRENT_PROJECT_VERSION = 1;
				DEVELOPMENT_ASSET_PATHS = "\"SIGNLOGINMODULE/Preview Content\"";
				DEVELOPMENT_TEAM = S43N2473JA;
				ENABLE_PREVIEWS = YES;
				GENERATE_INFOPLIST_FILE = YES;
				INFOPLIST_KEY_UIApplicationSceneManifest_Generation = YES;
				INFOPLIST_KEY_UIApplicationSupportsIndirectInputEvents = YES;
				INFOPLIST_KEY_UILaunchScreen_Generation = YES;
				INFOPLIST_KEY_UISupportedInterfaceOrientations_iPad = "UIInterfaceOrientationPortrait UIInterfaceOrientationPortraitUpsideDown UIInterfaceOrientationLandscapeLeft UIInterfaceOrientationLandscapeRight";
				INFOPLIST_KEY_UISupportedInterfaceOrientations_iPhone = "UIInterfaceOrientationPortrait UIInterfaceOrientationLandscapeLeft UIInterfaceOrientationLandscapeRight";
				LD_RUNPATH_SEARCH_PATHS = (
					"$(inherited)",
					"@executable_path/Frameworks",
				);
				MARKETING_VERSION = 1.0;
				PRODUCT_BUNDLE_IDENTIFIER = harsha.SIGNLOGINMODULE;
				PRODUCT_NAME = "$(TARGET_NAME)";
				SWIFT_EMIT_LOC_STRINGS = YES;
				SWIFT_VERSION = 5.0;
				TARGETED_DEVICE_FAMILY = "1,2";
			};
			name = Debug;
		};
		023F1EEC2A4A1D6D0088E5CD /* Release */ = {
			isa = XCBuildConfiguration;
			buildSettings = {
				ASSETCATALOG_COMPILER_APPICON_NAME = AppIcon;
				ASSETCATALOG_COMPILER_GLOBAL_ACCENT_COLOR_NAME = AccentColor;
				CODE_SIGN_STYLE = Automatic;
				CURRENT_PROJECT_VERSION = 1;
				DEVELOPMENT_ASSET_PATHS = "\"SIGNLOGINMODULE/Preview Content\"";
				DEVELOPMENT_TEAM = S43N2473JA;
				ENABLE_PREVIEWS = YES;
				GENERATE_INFOPLIST_FILE = YES;
				INFOPLIST_KEY_UIApplicationSceneManifest_Generation = YES;
				INFOPLIST_KEY_UIApplicationSupportsIndirectInputEvents = YES;
				INFOPLIST_KEY_UILaunchScreen_Generation = YES;
				INFOPLIST_KEY_UISupportedInterfaceOrientations_iPad = "UIInterfaceOrientationPortrait UIInterfaceOrientationPortraitUpsideDown UIInterfaceOrientationLandscapeLeft UIInterfaceOrientationLandscapeRight";
				INFOPLIST_KEY_UISupportedInterfaceOrientations_iPhone = "UIInterfaceOrientationPortrait UIInterfaceOrientationLandscapeLeft UIInterfaceOrientationLandscapeRight";
				LD_RUNPATH_SEARCH_PATHS = (
					"$(inherited)",
					"@executable_path/Frameworks",
				);
				MARKETING_VERSION = 1.0;
				PRODUCT_BUNDLE_IDENTIFIER = harsha.SIGNLOGINMODULE;
				PRODUCT_NAME = "$(TARGET_NAME)";
				SWIFT_EMIT_LOC_STRINGS = YES;
				SWIFT_VERSION = 5.0;
				TARGETED_DEVICE_FAMILY = "1,2";
			};
			name = Release;
		};
		023F1EEE2A4A1D6D0088E5CD /* Debug */ = {
			isa = XCBuildConfiguration;
			buildSettings = {
				ALWAYS_EMBED_SWIFT_STANDARD_LIBRARIES = YES;
				BUNDLE_LOADER = "$(TEST_HOST)";
				CODE_SIGN_STYLE = Automatic;
				CURRENT_PROJECT_VERSION = 1;
				DEVELOPMENT_TEAM = S43N2473JA;
				GENERATE_INFOPLIST_FILE = YES;
				IPHONEOS_DEPLOYMENT_TARGET = 15.2;
				MARKETING_VERSION = 1.0;
				PRODUCT_BUNDLE_IDENTIFIER = harsha.SIGNLOGINMODULETests;
				PRODUCT_NAME = "$(TARGET_NAME)";
				SWIFT_EMIT_LOC_STRINGS = NO;
				SWIFT_VERSION = 5.0;
				TARGETED_DEVICE_FAMILY = "1,2";
				TEST_HOST = "$(BUILT_PRODUCTS_DIR)/SIGNLOGINMODULE.app/SIGNLOGINMODULE";
			};
			name = Debug;
		};
		023F1EEF2A4A1D6D0088E5CD /* Release */ = {
			isa = XCBuildConfiguration;
			buildSettings = {
				ALWAYS_EMBED_SWIFT_STANDARD_LIBRARIES = YES;
				BUNDLE_LOADER = "$(TEST_HOST)";
				CODE_SIGN_STYLE = Automatic;
				CURRENT_PROJECT_VERSION = 1;
				DEVELOPMENT_TEAM = S43N2473JA;
				GENERATE_INFOPLIST_FILE = YES;
				IPHONEOS_DEPLOYMENT_TARGET = 15.2;
				MARKETING_VERSION = 1.0;
				PRODUCT_BUNDLE_IDENTIFIER = harsha.SIGNLOGINMODULETests;
				PRODUCT_NAME = "$(TARGET_NAME)";
				SWIFT_EMIT_LOC_STRINGS = NO;
				SWIFT_VERSION = 5.0;
				TARGETED_DEVICE_FAMILY = "1,2";
				TEST_HOST = "$(BUILT_PRODUCTS_DIR)/SIGNLOGINMODULE.app/SIGNLOGINMODULE";
			};
			name = Release;
		};
		023F1EF12A4A1D6D0088E5CD /* Debug */ = {
			isa = XCBuildConfiguration;
			buildSettings = {
				ALWAYS_EMBED_SWIFT_STANDARD_LIBRARIES = YES;
				CODE_SIGN_STYLE = Automatic;
				CURRENT_PROJECT_VERSION = 1;
				DEVELOPMENT_TEAM = S43N2473JA;
				GENERATE_INFOPLIST_FILE = YES;
				MARKETING_VERSION = 1.0;
				PRODUCT_BUNDLE_IDENTIFIER = harsha.SIGNLOGINMODULEUITests;
				PRODUCT_NAME = "$(TARGET_NAME)";
				SWIFT_EMIT_LOC_STRINGS = NO;
				SWIFT_VERSION = 5.0;
				TARGETED_DEVICE_FAMILY = "1,2";
				TEST_TARGET_NAME = SIGNLOGINMODULE;
			};
			name = Debug;
		};
		023F1EF22A4A1D6D0088E5CD /* Release */ = {
			isa = XCBuildConfiguration;
			buildSettings = {
				ALWAYS_EMBED_SWIFT_STANDARD_LIBRARIES = YES;
				CODE_SIGN_STYLE = Automatic;
				CURRENT_PROJECT_VERSION = 1;
				DEVELOPMENT_TEAM = S43N2473JA;
				GENERATE_INFOPLIST_FILE = YES;
				MARKETING_VERSION = 1.0;
				PRODUCT_BUNDLE_IDENTIFIER = harsha.SIGNLOGINMODULEUITests;
				PRODUCT_NAME = "$(TARGET_NAME)";
				SWIFT_EMIT_LOC_STRINGS = NO;
				SWIFT_VERSION = 5.0;
				TARGETED_DEVICE_FAMILY = "1,2";
				TEST_TARGET_NAME = SIGNLOGINMODULE;
			};
			name = Release;
		};
/* End XCBuildConfiguration section */

/* Begin XCConfigurationList section */
		023F1EC12A4A1D680088E5CD /* Build configuration list for PBXProject "SIGNLOGINMODULE" */ = {
			isa = XCConfigurationList;
			buildConfigurations = (
				023F1EE82A4A1D6D0088E5CD /* Debug */,
				023F1EE92A4A1D6D0088E5CD /* Release */,
			);
			defaultConfigurationIsVisible = 0;
			defaultConfigurationName = Release;
		};
		023F1EEA2A4A1D6D0088E5CD /* Build configuration list for PBXNativeTarget "SIGNLOGINMODULE" */ = {
			isa = XCConfigurationList;
			buildConfigurations = (
				023F1EEB2A4A1D6D0088E5CD /* Debug */,
				023F1EEC2A4A1D6D0088E5CD /* Release */,
			);
			defaultConfigurationIsVisible = 0;
			defaultConfigurationName = Release;
		};
		023F1EED2A4A1D6D0088E5CD /* Build configuration list for PBXNativeTarget "SIGNLOGINMODULETests" */ = {
			isa = XCConfigurationList;
			buildConfigurations = (
				023F1EEE2A4A1D6D0088E5CD /* Debug */,
				023F1EEF2A4A1D6D0088E5CD /* Release */,
			);
			defaultConfigurationIsVisible = 0;
			defaultConfigurationName = Release;
		};
		023F1EF02A4A1D6D0088E5CD /* Build configuration list for PBXNativeTarget "SIGNLOGINMODULEUITests" */ = {
			isa = XCConfigurationList;
			buildConfigurations = (
				023F1EF12A4A1D6D0088E5CD /* Debug */,
				023F1EF22A4A1D6D0088E5CD /* Release */,
			);
			defaultConfigurationIsVisible = 0;
			defaultConfigurationName = Release;
		};
/* End XCConfigurationList section */
	};
	rootObject = 023F1EBE2A4A1D680088E5CD /* Project object */;
}
